
Microsoft Visual Studio Solution File, Format Version 12.00
# Visual Studio Version 17
VisualStudioVersion = 17.7.34031.279
MinimumVisualStudioVersion = 10.0.40219.1
Project("{FAE04EC0-301F-11D3-BF4B-00C04F79EFBC}") = "ungdungchuyendoitiente", "ungdungchuyendoitiente\ungdungchuyendoitiente.csproj", "{0AE37807-F738-460D-AF63-4C89057873CF}"
EndProject
Global
	GlobalSection(SolutionConfigurationPlatforms) = preSolution
		Debug|Any CPU = Debug|Any CPU
		Release|Any CPU = Release|Any CPU
	EndGlobalSection
	GlobalSection(ProjectConfigurationPlatforms) = postSolution
		{0AE37807-F738-460D-AF63-4C89057873CF}.Debug|Any CPU.ActiveCfg = Debug|Any CPU
		{0AE37807-F738-460D-AF63-4C89057873CF}.Debug|Any CPU.Build.0 = Debug|Any CPU
		{0AE37807-F738-460D-AF63-4C89057873CF}.Release|Any CPU.ActiveCfg = Release|Any CPU
		{0AE37807-F738-460D-AF63-4C89057873CF}.Release|Any CPU.Build.0 = Release|Any CPU
	EndGlobalSection
	GlobalSection(SolutionProperties) = preSolution
		HideSolutionNode = FALSE
	EndGlobalSection
	GlobalSection(ExtensibilityGlobals) = postSolution
		SolutionGuid = {AB62552C-15C3-4D30-BC02-769EE557E004}
	EndGlobalSection
EndGlobal
